
Microsoft Visual Studio Solution File, Format Version 12.00
# Visual Studio Version 17
VisualStudioVersion = 17.3.32819.101
MinimumVisualStudioVersion = 10.0.40219.1
Project("{FAE04EC0-301F-11D3-BF4B-00C04F79EFBC}") = "practWork9", "practWork9.csproj", "{29DD386F-08AA-431D-A616-C8710BB1B56D}"
EndProject
Global
	GlobalSection(SolutionConfigurationPlatforms) = preSolution
		Debug|Any CPU = Debug|Any CPU
		Release|Any CPU = Release|Any CPU
	EndGlobalSection
	GlobalSection(ProjectConfigurationPlatforms) = postSolution
		{29DD386F-08AA-431D-A616-C8710BB1B56D}.Debug|Any CPU.ActiveCfg = Debug|Any CPU
		{29DD386F-08AA-431D-A616-C8710BB1B56D}.Debug|Any CPU.Build.0 = Debug|Any CPU
		{29DD386F-08AA-431D-A616-C8710BB1B56D}.Release|Any CPU.ActiveCfg = Release|Any CPU
		{29DD386F-08AA-431D-A616-C8710BB1B56D}.Release|Any CPU.Build.0 = Release|Any CPU
	EndGlobalSection
	GlobalSection(SolutionProperties) = preSolution
		HideSolutionNode = FALSE
	EndGlobalSection
	GlobalSection(ExtensibilityGlobals) = postSolution
		SolutionGuid = {6C91DAFA-C549-4105-854F-AAA4177728F7}
	EndGlobalSection
EndGlobal
